
Microsoft Visual Studio Solution File, Format Version 12.00
# Visual Studio Version 17
VisualStudioVersion = 17.0.32112.339
MinimumVisualStudioVersion = 10.0.40219.1
Project("{FAE04EC0-301F-11D3-BF4B-00C04F79EFBC}") = "Day7", "Day7\Day7.csproj", "{640EA776-EA48-4811-88E9-86D7BB3D6A22}"
EndProject
Global
	GlobalSection(SolutionConfigurationPlatforms) = preSolution
		Debug|Any CPU = Debug|Any CPU
		Release|Any CPU = Release|Any CPU
	EndGlobalSection
	GlobalSection(ProjectConfigurationPlatforms) = postSolution
		{640EA776-EA48-4811-88E9-86D7BB3D6A22}.Debug|Any CPU.ActiveCfg = Debug|Any CPU
		{640EA776-EA48-4811-88E9-86D7BB3D6A22}.Debug|Any CPU.Build.0 = Debug|Any CPU
		{640EA776-EA48-4811-88E9-86D7BB3D6A22}.Release|Any CPU.ActiveCfg = Release|Any CPU
		{640EA776-EA48-4811-88E9-86D7BB3D6A22}.Release|Any CPU.Build.0 = Release|Any CPU
	EndGlobalSection
	GlobalSection(SolutionProperties) = preSolution
		HideSolutionNode = FALSE
	EndGlobalSection
	GlobalSection(ExtensibilityGlobals) = postSolution
		SolutionGuid = {C79E31D4-51D3-480C-B3DD-B1007946973A}
	EndGlobalSection
EndGlobal
