
Microsoft Visual Studio Solution File, Format Version 12.00
# Visual Studio Version 17
VisualStudioVersion = 17.0.32112.339
MinimumVisualStudioVersion = 10.0.40219.1
Project("{FAE04EC0-301F-11D3-BF4B-00C04F79EFBC}") = "operator", "operator\operator.csproj", "{E652B3A3-3F5A-42FF-B06C-82545F636834}"
EndProject
Global
	GlobalSection(SolutionConfigurationPlatforms) = preSolution
		Debug|Any CPU = Debug|Any CPU
		Release|Any CPU = Release|Any CPU
	EndGlobalSection
	GlobalSection(ProjectConfigurationPlatforms) = postSolution
		{E652B3A3-3F5A-42FF-B06C-82545F636834}.Debug|Any CPU.ActiveCfg = Debug|Any CPU
		{E652B3A3-3F5A-42FF-B06C-82545F636834}.Debug|Any CPU.Build.0 = Debug|Any CPU
		{E652B3A3-3F5A-42FF-B06C-82545F636834}.Release|Any CPU.ActiveCfg = Release|Any CPU
		{E652B3A3-3F5A-42FF-B06C-82545F636834}.Release|Any CPU.Build.0 = Release|Any CPU
	EndGlobalSection
	GlobalSection(SolutionProperties) = preSolution
		HideSolutionNode = FALSE
	EndGlobalSection
	GlobalSection(ExtensibilityGlobals) = postSolution
		SolutionGuid = {FE073BF2-A6A1-422D-B7F2-4AF2D540ED44}
	EndGlobalSection
EndGlobal
