
Microsoft Visual Studio Solution File, Format Version 12.00
# Visual Studio Version 17
VisualStudioVersion = 17.0.32112.339
MinimumVisualStudioVersion = 10.0.40219.1
Project("{FAE04EC0-301F-11D3-BF4B-00C04F79EFBC}") = "operators", "operators\operators.csproj", "{F3183FFA-5C13-4407-9CEB-96CDE162DE32}"
EndProject
Global
	GlobalSection(SolutionConfigurationPlatforms) = preSolution
		Debug|Any CPU = Debug|Any CPU
		Release|Any CPU = Release|Any CPU
	EndGlobalSection
	GlobalSection(ProjectConfigurationPlatforms) = postSolution
		{F3183FFA-5C13-4407-9CEB-96CDE162DE32}.Debug|Any CPU.ActiveCfg = Debug|Any CPU
		{F3183FFA-5C13-4407-9CEB-96CDE162DE32}.Debug|Any CPU.Build.0 = Debug|Any CPU
		{F3183FFA-5C13-4407-9CEB-96CDE162DE32}.Release|Any CPU.ActiveCfg = Release|Any CPU
		{F3183FFA-5C13-4407-9CEB-96CDE162DE32}.Release|Any CPU.Build.0 = Release|Any CPU
	EndGlobalSection
	GlobalSection(SolutionProperties) = preSolution
		HideSolutionNode = FALSE
	EndGlobalSection
	GlobalSection(ExtensibilityGlobals) = postSolution
		SolutionGuid = {61AB38A3-5CAB-470E-8734-8C2A04FCB888}
	EndGlobalSection
EndGlobal
